
Microsoft Visual Studio Solution File, Format Version 12.00
# Visual Studio 15
VisualStudioVersion = 15.0.28010.2046
MinimumVisualStudioVersion = 10.0.40219.1
Project("{FAE04EC0-301F-11D3-BF4B-00C04F79EFBC}") = "AmpProps.Android", "AmpProps\AmpProps.Android\AmpProps.Android.csproj", "{DFB08283-6CE0-43FA-A25D-EA162EAA5BB1}"
EndProject
Project("{FAE04EC0-301F-11D3-BF4B-00C04F79EFBC}") = "AmpProps.iOS", "AmpProps\AmpProps.iOS\AmpProps.iOS.csproj", "{DE64E436-B2BF-4259-B108-D77CADC47D3E}"
EndProject
Project("{FAE04EC0-301F-11D3-BF4B-00C04F79EFBC}") = "AmpProps.UWP", "AmpProps\AmpProps.UWP\AmpProps.UWP.csproj", "{00FFCB8B-DC6E-442D-8D2E-F0C0B3504AF5}"
EndProject
Project("{FAE04EC0-301F-11D3-BF4B-00C04F79EFBC}") = "AmpProps", "AmpProps\AmpProps\AmpProps.csproj", "{37055FCA-D8ED-4060-B256-81D25F56F420}"
EndProject
Global
	GlobalSection(SolutionConfigurationPlatforms) = preSolution
		Ad-Hoc|Any CPU = Ad-Hoc|Any CPU
		Ad-Hoc|ARM = Ad-Hoc|ARM
		Ad-Hoc|iPhone = Ad-Hoc|iPhone
		Ad-Hoc|iPhoneSimulator = Ad-Hoc|iPhoneSimulator
		Ad-Hoc|x64 = Ad-Hoc|x64
		Ad-Hoc|x86 = Ad-Hoc|x86
		AppStore|Any CPU = AppStore|Any CPU
		AppStore|ARM = AppStore|ARM
		AppStore|iPhone = AppStore|iPhone
		AppStore|iPhoneSimulator = AppStore|iPhoneSimulator
		AppStore|x64 = AppStore|x64
		AppStore|x86 = AppStore|x86
		Debug|Any CPU = Debug|Any CPU
		Debug|ARM = Debug|ARM
		Debug|iPhone = Debug|iPhone
		Debug|iPhoneSimulator = Debug|iPhoneSimulator
		Debug|x64 = Debug|x64
		Debug|x86 = Debug|x86
		Release|Any CPU = Release|Any CPU
		Release|ARM = Release|ARM
		Release|iPhone = Release|iPhone
		Release|iPhoneSimulator = Release|iPhoneSimulator
		Release|x64 = Release|x64
		Release|x86 = Release|x86
	EndGlobalSection
	GlobalSection(ProjectConfigurationPlatforms) = postSolution
		{DFB08283-6CE0-43FA-A25D-EA162EAA5BB1}.Ad-Hoc|Any CPU.ActiveCfg = Release|Any CPU
		{DFB08283-6CE0-43FA-A25D-EA162EAA5BB1}.Ad-Hoc|Any CPU.Build.0 = Release|Any CPU
		{DFB08283-6CE0-43FA-A25D-EA162EAA5BB1}.Ad-Hoc|Any CPU.Deploy.0 = Release|Any CPU
		{DFB08283-6CE0-43FA-A25D-EA162EAA5BB1}.Ad-Hoc|ARM.ActiveCfg = Release|Any CPU
		{DFB08283-6CE0-43FA-A25D-EA162EAA5BB1}.Ad-Hoc|ARM.Build.0 = Release|Any CPU
		{DFB08283-6CE0-43FA-A25D-EA162EAA5BB1}.Ad-Hoc|ARM.Deploy.0 = Release|Any CPU
		{DFB08283-6CE0-43FA-A25D-EA162EAA5BB1}.Ad-Hoc|iPhone.ActiveCfg = Release|Any CPU
		{DFB08283-6CE0-43FA-A25D-EA162EAA5BB1}.Ad-Hoc|iPhone.Build.0 = Release|Any CPU
		{DFB08283-6CE0-43FA-A25D-EA162EAA5BB1}.Ad-Hoc|iPhone.Deploy.0 = Release|Any CPU
		{DFB08283-6CE0-43FA-A25D-EA162EAA5BB1}.Ad-Hoc|iPhoneSimulator.ActiveCfg = Release|Any CPU
		{DFB08283-6CE0-43FA-A25D-EA162EAA5BB1}.Ad-Hoc|iPhoneSimulator.Build.0 = Release|Any CPU
		{DFB08283-6CE0-43FA-A25D-EA162EAA5BB1}.Ad-Hoc|iPhoneSimulator.Deploy.0 = Release|Any CPU
		{DFB08283-6CE0-43FA-A25D-EA162EAA5BB1}.Ad-Hoc|x64.ActiveCfg = Release|Any CPU
		{DFB08283-6CE0-43FA-A25D-EA162EAA5BB1}.Ad-Hoc|x64.Build.0 = Release|Any CPU
		{DFB08283-6CE0-43FA-A25D-EA162EAA5BB1}.Ad-Hoc|x64.Deploy.0 = Release|Any CPU
		{DFB08283-6CE0-43FA-A25D-EA162EAA5BB1}.Ad-Hoc|x86.ActiveCfg = Release|Any CPU
		{DFB08283-6CE0-43FA-A25D-EA162EAA5BB1}.Ad-Hoc|x86.Build.0 = Release|Any CPU
		{DFB08283-6CE0-43FA-A25D-EA162EAA5BB1}.Ad-Hoc|x86.Deploy.0 = Release|Any CPU
		{DFB08283-6CE0-43FA-A25D-EA162EAA5BB1}.AppStore|Any CPU.ActiveCfg = Release|Any CPU
		{DFB08283-6CE0-43FA-A25D-EA162EAA5BB1}.AppStore|Any CPU.Build.0 = Release|Any CPU
		{DFB08283-6CE0-43FA-A25D-EA162EAA5BB1}.AppStore|Any CPU.Deploy.0 = Release|Any CPU
		{DFB08283-6CE0-43FA-A25D-EA162EAA5BB1}.AppStore|ARM.ActiveCfg = Release|Any CPU
		{DFB08283-6CE0-43FA-A25D-EA162EAA5BB1}.AppStore|ARM.Build.0 = Release|Any CPU
		{DFB08283-6CE0-43FA-A25D-EA162EAA5BB1}.AppStore|ARM.Deploy.0 = Release|Any CPU
		{DFB08283-6CE0-43FA-A25D-EA162EAA5BB1}.AppStore|iPhone.ActiveCfg = Release|Any CPU
		{DFB08283-6CE0-43FA-A25D-EA162EAA5BB1}.AppStore|iPhone.Build.0 = Release|Any CPU
		{DFB08283-6CE0-43FA-A25D-EA162EAA5BB1}.AppStore|iPhone.Deploy.0 = Release|Any CPU
		{DFB08283-6CE0-43FA-A25D-EA162EAA5BB1}.AppStore|iPhoneSimulator.ActiveCfg = Release|Any CPU
		{DFB08283-6CE0-43FA-A25D-EA162EAA5BB1}.AppStore|iPhoneSimulator.Build.0 = Release|Any CPU
		{DFB08283-6CE0-43FA-A25D-EA162EAA5BB1}.AppStore|iPhoneSimulator.Deploy.0 = Release|Any CPU
		{DFB08283-6CE0-43FA-A25D-EA162EAA5BB1}.AppStore|x64.ActiveCfg = Release|Any CPU
		{DFB08283-6CE0-43FA-A25D-EA162EAA5BB1}.AppStore|x64.Build.0 = Release|Any CPU
		{DFB08283-6CE0-43FA-A25D-EA162EAA5BB1}.AppStore|x64.Deploy.0 = Release|Any CPU
		{DFB08283-6CE0-43FA-A25D-EA162EAA5BB1}.AppStore|x86.ActiveCfg = Release|Any CPU
		{DFB08283-6CE0-43FA-A25D-EA162EAA5BB1}.AppStore|x86.Build.0 = Release|Any CPU
		{DFB08283-6CE0-43FA-A25D-EA162EAA5BB1}.AppStore|x86.Deploy.0 = Release|Any CPU
		{DFB08283-6CE0-43FA-A25D-EA162EAA5BB1}.Debug|Any CPU.ActiveCfg = Debug|Any CPU
		{DFB08283-6CE0-43FA-A25D-EA162EAA5BB1}.Debug|Any CPU.Build.0 = Debug|Any CPU
		{DFB08283-6CE0-43FA-A25D-EA162EAA5BB1}.Debug|Any CPU.Deploy.0 = Debug|Any CPU
		{DFB08283-6CE0-43FA-A25D-EA162EAA5BB1}.Debug|ARM.ActiveCfg = Debug|Any CPU
		{DFB08283-6CE0-43FA-A25D-EA162EAA5BB1}.Debug|ARM.Build.0 = Debug|Any CPU
		{DFB08283-6CE0-43FA-A25D-EA162EAA5BB1}.Debug|ARM.Deploy.0 = Debug|Any CPU
		{DFB08283-6CE0-43FA-A25D-EA162EAA5BB1}.Debug|iPhone.ActiveCfg = Debug|Any CPU
		{DFB08283-6CE0-43FA-A25D-EA162EAA5BB1}.Debug|iPhone.Build.0 = Debug|Any CPU
		{DFB08283-6CE0-43FA-A25D-EA162EAA5BB1}.Debug|iPhone.Deploy.0 = Debug|Any CPU
		{DFB08283-6CE0-43FA-A25D-EA162EAA5BB1}.Debug|iPhoneSimulator.ActiveCfg = Debug|Any CPU
		{DFB08283-6CE0-43FA-A25D-EA162EAA5BB1}.Debug|iPhoneSimulator.Build.0 = Debug|Any CPU
		{DFB08283-6CE0-43FA-A25D-EA162EAA5BB1}.Debug|iPhoneSimulator.Deploy.0 = Debug|Any CPU
		{DFB08283-6CE0-43FA-A25D-EA162EAA5BB1}.Debug|x64.ActiveCfg = Debug|Any CPU
		{DFB08283-6CE0-43FA-A25D-EA162EAA5BB1}.Debug|x64.Build.0 = Debug|Any CPU
		{DFB08283-6CE0-43FA-A25D-EA162EAA5BB1}.Debug|x64.Deploy.0 = Debug|Any CPU
		{DFB08283-6CE0-43FA-A25D-EA162EAA5BB1}.Debug|x86.ActiveCfg = Debug|Any CPU
		{DFB08283-6CE0-43FA-A25D-EA162EAA5BB1}.Debug|x86.Build.0 = Debug|Any CPU
		{DFB08283-6CE0-43FA-A25D-EA162EAA5BB1}.Debug|x86.Deploy.0 = Debug|Any CPU
		{DFB08283-6CE0-43FA-A25D-EA162EAA5BB1}.Release|Any CPU.ActiveCfg = Release|Any CPU
		{DFB08283-6CE0-43FA-A25D-EA162EAA5BB1}.Release|Any CPU.Build.0 = Release|Any CPU
		{DFB08283-6CE0-43FA-A25D-EA162EAA5BB1}.Release|Any CPU.Deploy.0 = Release|Any CPU
		{DFB08283-6CE0-43FA-A25D-EA162EAA5BB1}.Release|ARM.ActiveCfg = Release|Any CPU
		{DFB08283-6CE0-43FA-A25D-EA162EAA5BB1}.Release|ARM.Build.0 = Release|Any CPU
		{DFB08283-6CE0-43FA-A25D-EA162EAA5BB1}.Release|ARM.Deploy.0 = Release|Any CPU
		{DFB08283-6CE0-43FA-A25D-EA162EAA5BB1}.Release|iPhone.ActiveCfg = Release|Any CPU
		{DFB08283-6CE0-43FA-A25D-EA162EAA5BB1}.Release|iPhone.Build.0 = Release|Any CPU
		{DFB08283-6CE0-43FA-A25D-EA162EAA5BB1}.Release|iPhone.Deploy.0 = Release|Any CPU
		{DFB08283-6CE0-43FA-A25D-EA162EAA5BB1}.Release|iPhoneSimulator.ActiveCfg = Release|Any CPU
		{DFB08283-6CE0-43FA-A25D-EA162EAA5BB1}.Release|iPhoneSimulator.Build.0 = Release|Any CPU
		{DFB08283-6CE0-43FA-A25D-EA162EAA5BB1}.Release|iPhoneSimulator.Deploy.0 = Release|Any CPU
		{DFB08283-6CE0-43FA-A25D-EA162EAA5BB1}.Release|x64.ActiveCfg = Release|Any CPU
		{DFB08283-6CE0-43FA-A25D-EA162EAA5BB1}.Release|x64.Build.0 = Release|Any CPU
		{DFB08283-6CE0-43FA-A25D-EA162EAA5BB1}.Release|x64.Deploy.0 = Release|Any CPU
		{DFB08283-6CE0-43FA-A25D-EA162EAA5BB1}.Release|x86.ActiveCfg = Release|Any CPU
		{DFB08283-6CE0-43FA-A25D-EA162EAA5BB1}.Release|x86.Build.0 = Release|Any CPU
		{DFB08283-6CE0-43FA-A25D-EA162EAA5BB1}.Release|x86.Deploy.0 = Release|Any CPU
		{DE64E436-B2BF-4259-B108-D77CADC47D3E}.Ad-Hoc|Any CPU.ActiveCfg = Ad-Hoc|iPhone
		{DE64E436-B2BF-4259-B108-D77CADC47D3E}.Ad-Hoc|Any CPU.Build.0 = Ad-Hoc|iPhone
		{DE64E436-B2BF-4259-B108-D77CADC47D3E}.Ad-Hoc|Any CPU.Deploy.0 = Ad-Hoc|iPhone
		{DE64E436-B2BF-4259-B108-D77CADC47D3E}.Ad-Hoc|ARM.ActiveCfg = Ad-Hoc|iPhone
		{DE64E436-B2BF-4259-B108-D77CADC47D3E}.Ad-Hoc|ARM.Build.0 = Ad-Hoc|iPhone
		{DE64E436-B2BF-4259-B108-D77CADC47D3E}.Ad-Hoc|ARM.Deploy.0 = Ad-Hoc|iPhone
		{DE64E436-B2BF-4259-B108-D77CADC47D3E}.Ad-Hoc|iPhone.ActiveCfg = Ad-Hoc|iPhone
		{DE64E436-B2BF-4259-B108-D77CADC47D3E}.Ad-Hoc|iPhone.Build.0 = Ad-Hoc|iPhone
		{DE64E436-B2BF-4259-B108-D77CADC47D3E}.Ad-Hoc|iPhone.Deploy.0 = Ad-Hoc|iPhone
		{DE64E436-B2BF-4259-B108-D77CADC47D3E}.Ad-Hoc|iPhoneSimulator.ActiveCfg = Ad-Hoc|iPhoneSimulator
		{DE64E436-B2BF-4259-B108-D77CADC47D3E}.Ad-Hoc|iPhoneSimulator.Build.0 = Ad-Hoc|iPhoneSimulator
		{DE64E436-B2BF-4259-B108-D77CADC47D3E}.Ad-Hoc|iPhoneSimulator.Deploy.0 = Ad-Hoc|iPhoneSimulator
		{DE64E436-B2BF-4259-B108-D77CADC47D3E}.Ad-Hoc|x64.ActiveCfg = Ad-Hoc|iPhone
		{DE64E436-B2BF-4259-B108-D77CADC47D3E}.Ad-Hoc|x64.Build.0 = Ad-Hoc|iPhone
		{DE64E436-B2BF-4259-B108-D77CADC47D3E}.Ad-Hoc|x64.Deploy.0 = Ad-Hoc|iPhone
		{DE64E436-B2BF-4259-B108-D77CADC47D3E}.Ad-Hoc|x86.ActiveCfg = Ad-Hoc|iPhone
		{DE64E436-B2BF-4259-B108-D77CADC47D3E}.Ad-Hoc|x86.Build.0 = Ad-Hoc|iPhone
		{DE64E436-B2BF-4259-B108-D77CADC47D3E}.Ad-Hoc|x86.Deploy.0 = Ad-Hoc|iPhone
		{DE64E436-B2BF-4259-B108-D77CADC47D3E}.AppStore|Any CPU.ActiveCfg = AppStore|iPhone
		{DE64E436-B2BF-4259-B108-D77CADC47D3E}.AppStore|Any CPU.Build.0 = AppStore|iPhone
		{DE64E436-B2BF-4259-B108-D77CADC47D3E}.AppStore|Any CPU.Deploy.0 = AppStore|iPhone
		{DE64E436-B2BF-4259-B108-D77CADC47D3E}.AppStore|ARM.ActiveCfg = AppStore|iPhone
		{DE64E436-B2BF-4259-B108-D77CADC47D3E}.AppStore|ARM.Build.0 = AppStore|iPhone
		{DE64E436-B2BF-4259-B108-D77CADC47D3E}.AppStore|ARM.Deploy.0 = AppStore|iPhone
		{DE64E436-B2BF-4259-B108-D77CADC47D3E}.AppStore|iPhone.ActiveCfg = AppStore|iPhone
		{DE64E436-B2BF-4259-B108-D77CADC47D3E}.AppStore|iPhone.Build.0 = AppStore|iPhone
		{DE64E436-B2BF-4259-B108-D77CADC47D3E}.AppStore|iPhone.Deploy.0 = AppStore|iPhone
		{DE64E436-B2BF-4259-B108-D77CADC47D3E}.AppStore|iPhoneSimulator.ActiveCfg = AppStore|iPhoneSimulator
		{DE64E436-B2BF-4259-B108-D77CADC47D3E}.AppStore|iPhoneSimulator.Build.0 = AppStore|iPhoneSimulator
		{DE64E436-B2BF-4259-B108-D77CADC47D3E}.AppStore|iPhoneSimulator.Deploy.0 = AppStore|iPhoneSimulator
		{DE64E436-B2BF-4259-B108-D77CADC47D3E}.AppStore|x64.ActiveCfg = AppStore|iPhone
		{DE64E436-B2BF-4259-B108-D77CADC47D3E}.AppStore|x64.Build.0 = AppStore|iPhone
		{DE64E436-B2BF-4259-B108-D77CADC47D3E}.AppStore|x64.Deploy.0 = AppStore|iPhone
		{DE64E436-B2BF-4259-B108-D77CADC47D3E}.AppStore|x86.ActiveCfg = AppStore|iPhone
		{DE64E436-B2BF-4259-B108-D77CADC47D3E}.AppStore|x86.Build.0 = AppStore|iPhone
		{DE64E436-B2BF-4259-B108-D77CADC47D3E}.AppStore|x86.Deploy.0 = AppStore|iPhone
		{DE64E436-B2BF-4259-B108-D77CADC47D3E}.Debug|Any CPU.ActiveCfg = Debug|iPhoneSimulator
		{DE64E436-B2BF-4259-B108-D77CADC47D3E}.Debug|Any CPU.Build.0 = Debug|iPhoneSimulator
		{DE64E436-B2BF-4259-B108-D77CADC47D3E}.Debug|Any CPU.Deploy.0 = Debug|iPhoneSimulator
		{DE64E436-B2BF-4259-B108-D77CADC47D3E}.Debug|ARM.ActiveCfg = Debug|iPhone
		{DE64E436-B2BF-4259-B108-D77CADC47D3E}.Debug|ARM.Build.0 = Debug|iPhone
		{DE64E436-B2BF-4259-B108-D77CADC47D3E}.Debug|ARM.Deploy.0 = Debug|iPhone
		{DE64E436-B2BF-4259-B108-D77CADC47D3E}.Debug|iPhone.ActiveCfg = Debug|iPhone
		{DE64E436-B2BF-4259-B108-D77CADC47D3E}.Debug|iPhone.Build.0 = Debug|iPhone
		{DE64E436-B2BF-4259-B108-D77CADC47D3E}.Debug|iPhone.Deploy.0 = Debug|iPhone
		{DE64E436-B2BF-4259-B108-D77CADC47D3E}.Debug|iPhoneSimulator.ActiveCfg = Debug|iPhoneSimulator
		{DE64E436-B2BF-4259-B108-D77CADC47D3E}.Debug|iPhoneSimulator.Build.0 = Debug|iPhoneSimulator
		{DE64E436-B2BF-4259-B108-D77CADC47D3E}.Debug|iPhoneSimulator.Deploy.0 = Debug|iPhoneSimulator
		{DE64E436-B2BF-4259-B108-D77CADC47D3E}.Debug|x64.ActiveCfg = Debug|iPhone
		{DE64E436-B2BF-4259-B108-D77CADC47D3E}.Debug|x64.Build.0 = Debug|iPhone
		{DE64E436-B2BF-4259-B108-D77CADC47D3E}.Debug|x64.Deploy.0 = Debug|iPhone
		{DE64E436-B2BF-4259-B108-D77CADC47D3E}.Debug|x86.ActiveCfg = Debug|iPhone
		{DE64E436-B2BF-4259-B108-D77CADC47D3E}.Debug|x86.Build.0 = Debug|iPhone
		{DE64E436-B2BF-4259-B108-D77CADC47D3E}.Debug|x86.Deploy.0 = Debug|iPhone
		{DE64E436-B2BF-4259-B108-D77CADC47D3E}.Release|Any CPU.ActiveCfg = Release|iPhone
		{DE64E436-B2BF-4259-B108-D77CADC47D3E}.Release|Any CPU.Build.0 = Release|iPhone
		{DE64E436-B2BF-4259-B108-D77CADC47D3E}.Release|Any CPU.Deploy.0 = Release|iPhone
		{DE64E436-B2BF-4259-B108-D77CADC47D3E}.Release|ARM.ActiveCfg = Release|iPhone
		{DE64E436-B2BF-4259-B108-D77CADC47D3E}.Release|ARM.Build.0 = Release|iPhone
		{DE64E436-B2BF-4259-B108-D77CADC47D3E}.Release|ARM.Deploy.0 = Release|iPhone
		{DE64E436-B2BF-4259-B108-D77CADC47D3E}.Release|iPhone.ActiveCfg = Release|iPhone
		{DE64E436-B2BF-4259-B108-D77CADC47D3E}.Release|iPhone.Build.0 = Release|iPhone
		{DE64E436-B2BF-4259-B108-D77CADC47D3E}.Release|iPhone.Deploy.0 = Release|iPhone
		{DE64E436-B2BF-4259-B108-D77CADC47D3E}.Release|iPhoneSimulator.ActiveCfg = Release|iPhoneSimulator
		{DE64E436-B2BF-4259-B108-D77CADC47D3E}.Release|iPhoneSimulator.Build.0 = Release|iPhoneSimulator
		{DE64E436-B2BF-4259-B108-D77CADC47D3E}.Release|iPhoneSimulator.Deploy.0 = Release|iPhoneSimulator
		{DE64E436-B2BF-4259-B108-D77CADC47D3E}.Release|x64.ActiveCfg = Release|iPhone
		{DE64E436-B2BF-4259-B108-D77CADC47D3E}.Release|x64.Build.0 = Release|iPhone
		{DE64E436-B2BF-4259-B108-D77CADC47D3E}.Release|x64.Deploy.0 = Release|iPhone
		{DE64E436-B2BF-4259-B108-D77CADC47D3E}.Release|x86.ActiveCfg = Release|iPhone
		{DE64E436-B2BF-4259-B108-D77CADC47D3E}.Release|x86.Build.0 = Release|iPhone
		{DE64E436-B2BF-4259-B108-D77CADC47D3E}.Release|x86.Deploy.0 = Release|iPhone
		{00FFCB8B-DC6E-442D-8D2E-F0C0B3504AF5}.Ad-Hoc|Any CPU.ActiveCfg = Release|x86
		{00FFCB8B-DC6E-442D-8D2E-F0C0B3504AF5}.Ad-Hoc|Any CPU.Build.0 = Release|x86
		{00FFCB8B-DC6E-442D-8D2E-F0C0B3504AF5}.Ad-Hoc|Any CPU.Deploy.0 = Release|x86
		{00FFCB8B-DC6E-442D-8D2E-F0C0B3504AF5}.Ad-Hoc|ARM.ActiveCfg = Release|ARM
		{00FFCB8B-DC6E-442D-8D2E-F0C0B3504AF5}.Ad-Hoc|ARM.Build.0 = Release|ARM
		{00FFCB8B-DC6E-442D-8D2E-F0C0B3504AF5}.Ad-Hoc|ARM.Deploy.0 = Release|ARM
		{00FFCB8B-DC6E-442D-8D2E-F0C0B3504AF5}.Ad-Hoc|iPhone.ActiveCfg = Release|x86
		{00FFCB8B-DC6E-442D-8D2E-F0C0B3504AF5}.Ad-Hoc|iPhone.Build.0 = Release|x86
		{00FFCB8B-DC6E-442D-8D2E-F0C0B3504AF5}.Ad-Hoc|iPhone.Deploy.0 = Release|x86
		{00FFCB8B-DC6E-442D-8D2E-F0C0B3504AF5}.Ad-Hoc|iPhoneSimulator.ActiveCfg = Release|x86
		{00FFCB8B-DC6E-442D-8D2E-F0C0B3504AF5}.Ad-Hoc|iPhoneSimulator.Build.0 = Release|x86
		{00FFCB8B-DC6E-442D-8D2E-F0C0B3504AF5}.Ad-Hoc|iPhoneSimulator.Deploy.0 = Release|x86
		{00FFCB8B-DC6E-442D-8D2E-F0C0B3504AF5}.Ad-Hoc|x64.ActiveCfg = Release|x64
		{00FFCB8B-DC6E-442D-8D2E-F0C0B3504AF5}.Ad-Hoc|x64.Build.0 = Release|x64
		{00FFCB8B-DC6E-442D-8D2E-F0C0B3504AF5}.Ad-Hoc|x64.Deploy.0 = Release|x64
		{00FFCB8B-DC6E-442D-8D2E-F0C0B3504AF5}.Ad-Hoc|x86.ActiveCfg = Release|x86
		{00FFCB8B-DC6E-442D-8D2E-F0C0B3504AF5}.Ad-Hoc|x86.Build.0 = Release|x86
		{00FFCB8B-DC6E-442D-8D2E-F0C0B3504AF5}.Ad-Hoc|x86.Deploy.0 = Release|x86
		{00FFCB8B-DC6E-442D-8D2E-F0C0B3504AF5}.AppStore|Any CPU.ActiveCfg = Release|x86
		{00FFCB8B-DC6E-442D-8D2E-F0C0B3504AF5}.AppStore|Any CPU.Build.0 = Release|x86
		{00FFCB8B-DC6E-442D-8D2E-F0C0B3504AF5}.AppStore|Any CPU.Deploy.0 = Release|x86
		{00FFCB8B-DC6E-442D-8D2E-F0C0B3504AF5}.AppStore|ARM.ActiveCfg = Release|ARM
		{00FFCB8B-DC6E-442D-8D2E-F0C0B3504AF5}.AppStore|ARM.Build.0 = Release|ARM
		{00FFCB8B-DC6E-442D-8D2E-F0C0B3504AF5}.AppStore|ARM.Deploy.0 = Release|ARM
		{00FFCB8B-DC6E-442D-8D2E-F0C0B3504AF5}.AppStore|iPhone.ActiveCfg = Release|x86
		{00FFCB8B-DC6E-442D-8D2E-F0C0B3504AF5}.AppStore|iPhone.Build.0 = Release|x86
		{00FFCB8B-DC6E-442D-8D2E-F0C0B3504AF5}.AppStore|iPhone.Deploy.0 = Release|x86
		{00FFCB8B-DC6E-442D-8D2E-F0C0B3504AF5}.AppStore|iPhoneSimulator.ActiveCfg = Release|x86
		{00FFCB8B-DC6E-442D-8D2E-F0C0B3504AF5}.AppStore|iPhoneSimulator.Build.0 = Release|x86
		{00FFCB8B-DC6E-442D-8D2E-F0C0B3504AF5}.AppStore|iPhoneSimulator.Deploy.0 = Release|x86
		{00FFCB8B-DC6E-442D-8D2E-F0C0B3504AF5}.AppStore|x64.ActiveCfg = Release|x64
		{00FFCB8B-DC6E-442D-8D2E-F0C0B3504AF5}.AppStore|x64.Build.0 = Release|x64
		{00FFCB8B-DC6E-442D-8D2E-F0C0B3504AF5}.AppStore|x64.Deploy.0 = Release|x64
		{00FFCB8B-DC6E-442D-8D2E-F0C0B3504AF5}.AppStore|x86.ActiveCfg = Release|x86
		{00FFCB8B-DC6E-442D-8D2E-F0C0B3504AF5}.AppStore|x86.Build.0 = Release|x86
		{00FFCB8B-DC6E-442D-8D2E-F0C0B3504AF5}.AppStore|x86.Deploy.0 = Release|x86
		{00FFCB8B-DC6E-442D-8D2E-F0C0B3504AF5}.Debug|Any CPU.ActiveCfg = Debug|x86
		{00FFCB8B-DC6E-442D-8D2E-F0C0B3504AF5}.Debug|Any CPU.Build.0 = Debug|x86
		{00FFCB8B-DC6E-442D-8D2E-F0C0B3504AF5}.Debug|Any CPU.Deploy.0 = Debug|x86
		{00FFCB8B-DC6E-442D-8D2E-F0C0B3504AF5}.Debug|ARM.ActiveCfg = Debug|ARM
		{00FFCB8B-DC6E-442D-8D2E-F0C0B3504AF5}.Debug|ARM.Build.0 = Debug|ARM
		{00FFCB8B-DC6E-442D-8D2E-F0C0B3504AF5}.Debug|ARM.Deploy.0 = Debug|ARM
		{00FFCB8B-DC6E-442D-8D2E-F0C0B3504AF5}.Debug|iPhone.ActiveCfg = Debug|x86
		{00FFCB8B-DC6E-442D-8D2E-F0C0B3504AF5}.Debug|iPhone.Build.0 = Debug|x86
		{00FFCB8B-DC6E-442D-8D2E-F0C0B3504AF5}.Debug|iPhone.Deploy.0 = Debug|x86
		{00FFCB8B-DC6E-442D-8D2E-F0C0B3504AF5}.Debug|iPhoneSimulator.ActiveCfg = Debug|x86
		{00FFCB8B-DC6E-442D-8D2E-F0C0B3504AF5}.Debug|iPhoneSimulator.Build.0 = Debug|x86
		{00FFCB8B-DC6E-442D-8D2E-F0C0B3504AF5}.Debug|iPhoneSimulator.Deploy.0 = Debug|x86
		{00FFCB8B-DC6E-442D-8D2E-F0C0B3504AF5}.Debug|x64.ActiveCfg = Debug|x64
		{00FFCB8B-DC6E-442D-8D2E-F0C0B3504AF5}.Debug|x64.Build.0 = Debug|x64
		{00FFCB8B-DC6E-442D-8D2E-F0C0B3504AF5}.Debug|x64.Deploy.0 = Debug|x64
		{00FFCB8B-DC6E-442D-8D2E-F0C0B3504AF5}.Debug|x86.ActiveCfg = Debug|x86
		{00FFCB8B-DC6E-442D-8D2E-F0C0B3504AF5}.Debug|x86.Build.0 = Debug|x86
		{00FFCB8B-DC6E-442D-8D2E-F0C0B3504AF5}.Debug|x86.Deploy.0 = Debug|x86
		{00FFCB8B-DC6E-442D-8D2E-F0C0B3504AF5}.Release|Any CPU.ActiveCfg = Release|x86
		{00FFCB8B-DC6E-442D-8D2E-F0C0B3504AF5}.Release|Any CPU.Build.0 = Release|x86
		{00FFCB8B-DC6E-442D-8D2E-F0C0B3504AF5}.Release|Any CPU.Deploy.0 = Release|x86
		{00FFCB8B-DC6E-442D-8D2E-F0C0B3504AF5}.Release|ARM.ActiveCfg = Release|ARM
		{00FFCB8B-DC6E-442D-8D2E-F0C0B3504AF5}.Release|ARM.Build.0 = Release|ARM
		{00FFCB8B-DC6E-442D-8D2E-F0C0B3504AF5}.Release|ARM.Deploy.0 = Release|ARM
		{00FFCB8B-DC6E-442D-8D2E-F0C0B3504AF5}.Release|iPhone.ActiveCfg = Release|x86
		{00FFCB8B-DC6E-442D-8D2E-F0C0B3504AF5}.Release|iPhone.Build.0 = Release|x86
		{00FFCB8B-DC6E-442D-8D2E-F0C0B3504AF5}.Release|iPhone.Deploy.0 = Release|x86
		{00FFCB8B-DC6E-442D-8D2E-F0C0B3504AF5}.Release|iPhoneSimulator.ActiveCfg = Release|x86
		{00FFCB8B-DC6E-442D-8D2E-F0C0B3504AF5}.Release|iPhoneSimulator.Build.0 = Release|x86
		{00FFCB8B-DC6E-442D-8D2E-F0C0B3504AF5}.Release|iPhoneSimulator.Deploy.0 = Release|x86
		{00FFCB8B-DC6E-442D-8D2E-F0C0B3504AF5}.Release|x64.ActiveCfg = Release|x64
		{00FFCB8B-DC6E-442D-8D2E-F0C0B3504AF5}.Release|x64.Build.0 = Release|x64
		{00FFCB8B-DC6E-442D-8D2E-F0C0B3504AF5}.Release|x64.Deploy.0 = Release|x64
		{00FFCB8B-DC6E-442D-8D2E-F0C0B3504AF5}.Release|x86.ActiveCfg = Release|x86
		{00FFCB8B-DC6E-442D-8D2E-F0C0B3504AF5}.Release|x86.Build.0 = Release|x86
		{00FFCB8B-DC6E-442D-8D2E-F0C0B3504AF5}.Release|x86.Deploy.0 = Release|x86
		{37055FCA-D8ED-4060-B256-81D25F56F420}.Ad-Hoc|Any CPU.ActiveCfg = Debug|Any CPU
		{37055FCA-D8ED-4060-B256-81D25F56F420}.Ad-Hoc|Any CPU.Build.0 = Debug|Any CPU
		{37055FCA-D8ED-4060-B256-81D25F56F420}.Ad-Hoc|Any CPU.Deploy.0 = Debug|Any CPU
		{37055FCA-D8ED-4060-B256-81D25F56F420}.Ad-Hoc|ARM.ActiveCfg = Debug|Any CPU
		{37055FCA-D8ED-4060-B256-81D25F56F420}.Ad-Hoc|ARM.Build.0 = Debug|Any CPU
		{37055FCA-D8ED-4060-B256-81D25F56F420}.Ad-Hoc|ARM.Deploy.0 = Debug|Any CPU
		{37055FCA-D8ED-4060-B256-81D25F56F420}.Ad-Hoc|iPhone.ActiveCfg = Debug|Any CPU
		{37055FCA-D8ED-4060-B256-81D25F56F420}.Ad-Hoc|iPhone.Build.0 = Debug|Any CPU
		{37055FCA-D8ED-4060-B256-81D25F56F420}.Ad-Hoc|iPhone.Deploy.0 = Debug|Any CPU
		{37055FCA-D8ED-4060-B256-81D25F56F420}.Ad-Hoc|iPhoneSimulator.ActiveCfg = Debug|Any CPU
		{37055FCA-D8ED-4060-B256-81D25F56F420}.Ad-Hoc|iPhoneSimulator.Build.0 = Debug|Any CPU
		{37055FCA-D8ED-4060-B256-81D25F56F420}.Ad-Hoc|iPhoneSimulator.Deploy.0 = Debug|Any CPU
		{37055FCA-D8ED-4060-B256-81D25F56F420}.Ad-Hoc|x64.ActiveCfg = Debug|Any CPU
		{37055FCA-D8ED-4060-B256-81D25F56F420}.Ad-Hoc|x64.Build.0 = Debug|Any CPU
		{37055FCA-D8ED-4060-B256-81D25F56F420}.Ad-Hoc|x64.Deploy.0 = Debug|Any CPU
		{37055FCA-D8ED-4060-B256-81D25F56F420}.Ad-Hoc|x86.ActiveCfg = Debug|Any CPU
		{37055FCA-D8ED-4060-B256-81D25F56F420}.Ad-Hoc|x86.Build.0 = Debug|Any CPU
		{37055FCA-D8ED-4060-B256-81D25F56F420}.Ad-Hoc|x86.Deploy.0 = Debug|Any CPU
		{37055FCA-D8ED-4060-B256-81D25F56F420}.AppStore|Any CPU.ActiveCfg = Debug|Any CPU
		{37055FCA-D8ED-4060-B256-81D25F56F420}.AppStore|Any CPU.Build.0 = Debug|Any CPU
		{37055FCA-D8ED-4060-B256-81D25F56F420}.AppStore|Any CPU.Deploy.0 = Debug|Any CPU
		{37055FCA-D8ED-4060-B256-81D25F56F420}.AppStore|ARM.ActiveCfg = Debug|Any CPU
		{37055FCA-D8ED-4060-B256-81D25F56F420}.AppStore|ARM.Build.0 = Debug|Any CPU
		{37055FCA-D8ED-4060-B256-81D25F56F420}.AppStore|ARM.Deploy.0 = Debug|Any CPU
		{37055FCA-D8ED-4060-B256-81D25F56F420}.AppStore|iPhone.ActiveCfg = Debug|Any CPU
		{37055FCA-D8ED-4060-B256-81D25F56F420}.AppStore|iPhone.Build.0 = Debug|Any CPU
		{37055FCA-D8ED-4060-B256-81D25F56F420}.AppStore|iPhone.Deploy.0 = Debug|Any CPU
		{37055FCA-D8ED-4060-B256-81D25F56F420}.AppStore|iPhoneSimulator.ActiveCfg = Debug|Any CPU
		{37055FCA-D8ED-4060-B256-81D25F56F420}.AppStore|iPhoneSimulator.Build.0 = Debug|Any CPU
		{37055FCA-D8ED-4060-B256-81D25F56F420}.AppStore|iPhoneSimulator.Deploy.0 = Debug|Any CPU
		{37055FCA-D8ED-4060-B256-81D25F56F420}.AppStore|x64.ActiveCfg = Debug|Any CPU
		{37055FCA-D8ED-4060-B256-81D25F56F420}.AppStore|x64.Build.0 = Debug|Any CPU
		{37055FCA-D8ED-4060-B256-81D25F56F420}.AppStore|x64.Deploy.0 = Debug|Any CPU
		{37055FCA-D8ED-4060-B256-81D25F56F420}.AppStore|x86.ActiveCfg = Debug|Any CPU
		{37055FCA-D8ED-4060-B256-81D25F56F420}.AppStore|x86.Build.0 = Debug|Any CPU
		{37055FCA-D8ED-4060-B256-81D25F56F420}.AppStore|x86.Deploy.0 = Debug|Any CPU
		{37055FCA-D8ED-4060-B256-81D25F56F420}.Debug|Any CPU.ActiveCfg = Debug|Any CPU
		{37055FCA-D8ED-4060-B256-81D25F56F420}.Debug|Any CPU.Build.0 = Debug|Any CPU
		{37055FCA-D8ED-4060-B256-81D25F56F420}.Debug|Any CPU.Deploy.0 = Debug|Any CPU
		{37055FCA-D8ED-4060-B256-81D25F56F420}.Debug|ARM.ActiveCfg = Debug|Any CPU
		{37055FCA-D8ED-4060-B256-81D25F56F420}.Debug|ARM.Build.0 = Debug|Any CPU
		{37055FCA-D8ED-4060-B256-81D25F56F420}.Debug|ARM.Deploy.0 = Debug|Any CPU
		{37055FCA-D8ED-4060-B256-81D25F56F420}.Debug|iPhone.ActiveCfg = Debug|Any CPU
		{37055FCA-D8ED-4060-B256-81D25F56F420}.Debug|iPhone.Build.0 = Debug|Any CPU
		{37055FCA-D8ED-4060-B256-81D25F56F420}.Debug|iPhone.Deploy.0 = Debug|Any CPU
		{37055FCA-D8ED-4060-B256-81D25F56F420}.Debug|iPhoneSimulator.ActiveCfg = Debug|Any CPU
		{37055FCA-D8ED-4060-B256-81D25F56F420}.Debug|iPhoneSimulator.Build.0 = Debug|Any CPU
		{37055FCA-D8ED-4060-B256-81D25F56F420}.Debug|iPhoneSimulator.Deploy.0 = Debug|Any CPU
		{37055FCA-D8ED-4060-B256-81D25F56F420}.Debug|x64.ActiveCfg = Debug|Any CPU
		{37055FCA-D8ED-4060-B256-81D25F56F420}.Debug|x64.Build.0 = Debug|Any CPU
		{37055FCA-D8ED-4060-B256-81D25F56F420}.Debug|x64.Deploy.0 = Debug|Any CPU
		{37055FCA-D8ED-4060-B256-81D25F56F420}.Debug|x86.ActiveCfg = Debug|Any CPU
		{37055FCA-D8ED-4060-B256-81D25F56F420}.Debug|x86.Build.0 = Debug|Any CPU
		{37055FCA-D8ED-4060-B256-81D25F56F420}.Debug|x86.Deploy.0 = Debug|Any CPU
		{37055FCA-D8ED-4060-B256-81D25F56F420}.Release|Any CPU.ActiveCfg = Release|Any CPU
		{37055FCA-D8ED-4060-B256-81D25F56F420}.Release|Any CPU.Build.0 = Release|Any CPU
		{37055FCA-D8ED-4060-B256-81D25F56F420}.Release|Any CPU.Deploy.0 = Release|Any CPU
		{37055FCA-D8ED-4060-B256-81D25F56F420}.Release|ARM.ActiveCfg = Release|Any CPU
		{37055FCA-D8ED-4060-B256-81D25F56F420}.Release|ARM.Build.0 = Release|Any CPU
		{37055FCA-D8ED-4060-B256-81D25F56F420}.Release|ARM.Deploy.0 = Release|Any CPU
		{37055FCA-D8ED-4060-B256-81D25F56F420}.Release|iPhone.ActiveCfg = Release|Any CPU
		{37055FCA-D8ED-4060-B256-81D25F56F420}.Release|iPhone.Build.0 = Release|Any CPU
		{37055FCA-D8ED-4060-B256-81D25F56F420}.Release|iPhone.Deploy.0 = Release|Any CPU
		{37055FCA-D8ED-4060-B256-81D25F56F420}.Release|iPhoneSimulator.ActiveCfg = Release|Any CPU
		{37055FCA-D8ED-4060-B256-81D25F56F420}.Release|iPhoneSimulator.Build.0 = Release|Any CPU
		{37055FCA-D8ED-4060-B256-81D25F56F420}.Release|iPhoneSimulator.Deploy.0 = Release|Any CPU
		{37055FCA-D8ED-4060-B256-81D25F56F420}.Release|x64.ActiveCfg = Release|Any CPU
		{37055FCA-D8ED-4060-B256-81D25F56F420}.Release|x64.Build.0 = Release|Any CPU
		{37055FCA-D8ED-4060-B256-81D25F56F420}.Release|x64.Deploy.0 = Release|Any CPU
		{37055FCA-D8ED-4060-B256-81D25F56F420}.Release|x86.ActiveCfg = Release|Any CPU
		{37055FCA-D8ED-4060-B256-81D25F56F420}.Release|x86.Build.0 = Release|Any CPU
		{37055FCA-D8ED-4060-B256-81D25F56F420}.Release|x86.Deploy.0 = Release|Any CPU
	EndGlobalSection
	GlobalSection(SolutionProperties) = preSolution
		HideSolutionNode = FALSE
	EndGlobalSection
	GlobalSection(ExtensibilityGlobals) = postSolution
		SolutionGuid = {29E0F441-ACE6-42D1-9201-6AA40FA6F270}
	EndGlobalSection
EndGlobal
